{
  "schema_version": "0.1",
  "standard_version": "0.1.0-draft",
  "profile": "LIGHT",
  "packs": [],
  "template_fingerprint": "sha256:ada3940564dd16ea5810183ae45fe863b0ad59c78b1d9515e7304a24cc1f0230",
  "generated_at": "2026-10-02T16:00:00Z",
  "artifacts": [],
  "source_revision": "f546a2a128956e87c7ae89c103ca67aba4054cc4",
  "local_overrides": [
    "Android/Kotlin em lugar do exemplo Python",
    "CI Gradle",
    "Documentação e estado próprios"
  ]
}
